PODS:
  - DoreCoreAI (1.0.16)
  - DorePetSegment (1.0.16):
    - DoreCoreAI

DEPENDENCIES:
  - DorePetSegment

SPEC REPOS:
  trunk:
    - DoreCoreAI
    - DorePetSegment

SPEC CHECKSUMS:
  DoreCoreAI: 88ae34bcfa2cf21ec1b956605362476cd28b9ec4
  DorePetSegment: 703489c40481c071c6ce35696b497c25afc9aced

PODFILE CHECKSUM: 47132f26f942986cc3ee2484fb0a33d2767f3442

COCOAPODS: 1.10.0
