PODS:
  - DoreCoreAI (1.0.17)
  - DorePetSegmentLite (1.0.17):
    - DoreCoreAI

DEPENDENCIES:
  - DorePetSegmentLite

SPEC REPOS:
  trunk:
    - DoreCoreAI
    - DorePetSegmentLite

SPEC CHECKSUMS:
  DoreCoreAI: b5cdb2a1b0a9befe8f945ad9d8e69ccd478985bb
  DorePetSegmentLite: ec7327572d16d582a432f2a5648cb3e2166e1078

PODFILE CHECKSUM: 09b8ca4a24f2539b37ae4def388bf2f70c0bc7a7

COCOAPODS: 1.10.0
