PODS:
  - DoreCoreAI (1.0.11)
  - DorePetSegmentLite (1.0.11):
    - DoreCoreAI

DEPENDENCIES:
  - DorePetSegmentLite

SPEC REPOS:
  trunk:
    - DoreCoreAI
    - DorePetSegmentLite

SPEC CHECKSUMS:
  DoreCoreAI: eabd2336831f3ab391d81d787f5fe33dfe289bd2
  DorePetSegmentLite: 95a3cb5a9b09c4fbe88f44803ede627707f2138f

PODFILE CHECKSUM: 09b8ca4a24f2539b37ae4def388bf2f70c0bc7a7

COCOAPODS: 1.8.4
