PODS:
  - DoreCoreAI (1.0.16)
  - DorePetSegmentLite (1.0.16):
    - DoreCoreAI

DEPENDENCIES:
  - DorePetSegmentLite

SPEC REPOS:
  trunk:
    - DoreCoreAI
    - DorePetSegmentLite

SPEC CHECKSUMS:
  DoreCoreAI: 88ae34bcfa2cf21ec1b956605362476cd28b9ec4
  DorePetSegmentLite: f894660fae6155783047b9e7f18a0273c0884939

PODFILE CHECKSUM: 09b8ca4a24f2539b37ae4def388bf2f70c0bc7a7

COCOAPODS: 1.10.0
