PODS:
  - DoreCoreAI (1.0.16)
  - DoreHairSegment (1.0.16):
    - DoreCoreAI

DEPENDENCIES:
  - DoreHairSegment

SPEC REPOS:
  trunk:
    - DoreCoreAI
    - DoreHairSegment

SPEC CHECKSUMS:
  DoreCoreAI: 88ae34bcfa2cf21ec1b956605362476cd28b9ec4
  DoreHairSegment: 5eab2e19c6f883640979cc65f8c37d79eac6da6b

PODFILE CHECKSUM: 53de95966e3c9f433b13644d947ef1b871ef42e0

COCOAPODS: 1.10.0
