PODS:
  - DoreCoreAI (1.0.17)
  - DoreSegment (1.0.17):
    - DoreCoreAI

DEPENDENCIES:
  - DoreSegment

SPEC REPOS:
  trunk:
    - DoreCoreAI
    - DoreSegment

SPEC CHECKSUMS:
  DoreCoreAI: b5cdb2a1b0a9befe8f945ad9d8e69ccd478985bb
  DoreSegment: 3d169abc0ce9c0a323018d6c553a678a6e16ed8b

PODFILE CHECKSUM: fde84969e83abb3dcb167d71ed5c72b6baa84187

COCOAPODS: 1.10.0
