PODS:
  - DoreCoreAI (1.0.15)
  - DoreSegment (1.0.15):
    - DoreCoreAI

DEPENDENCIES:
  - DoreSegment

SPEC REPOS:
  trunk:
    - DoreCoreAI
    - DoreSegment

SPEC CHECKSUMS:
  DoreCoreAI: e73eeab36b4a041fe3198d81a88d6a9b5db2f765
  DoreSegment: 6334e919f214b1a662ac02f7d86280626f0cbd39

PODFILE CHECKSUM: 210f193e2964a4f9fe3ad58271d39fd4ea53df1e

COCOAPODS: 1.10.0
