PODS:
  - DoreCoreAI (1.0.16)
  - DoreHandTrack (1.0.16):
    - DoreCoreAI
    - TensorFlowLiteSwift (= 2.0.0)
  - TensorFlowLiteC (2.0.0)
  - TensorFlowLiteSwift (2.0.0):
    - TensorFlowLiteC (= 2.0.0)

DEPENDENCIES:
  - DoreHandTrack

SPEC REPOS:
  trunk:
    - DoreCoreAI
    - DoreHandTrack
    - TensorFlowLiteC
    - TensorFlowLiteSwift

SPEC CHECKSUMS:
  DoreCoreAI: 88ae34bcfa2cf21ec1b956605362476cd28b9ec4
  DoreHandTrack: a532a4a82696ebf0a53f9863124cc1df7f6f2ad8
  TensorFlowLiteC: d22a94f77938edb2dfcb9674937f9548a3fcdb23
  TensorFlowLiteSwift: dcd91bd74091f8e3e1b9b28a7d789f635dc26bea

PODFILE CHECKSUM: 1e0cef887707fa24bfec2ef480dca471dd44f729

COCOAPODS: 1.10.0
