// !$*UTF8*$!
{
	archiveVersion = 1;
	classes = {
	};
	objectVersion = 51;
	objects = {

/* Begin PBXBuildFile section */
		22A40EC623CDACD000800FCB /* AppDelegate.swift in Sources */ = {isa = PBXBuildFile; fileRef = 22A40EC523CDACD000800FCB /* AppDelegate.swift */; };
		22A40ECF23CDACD200800FCB /* Assets.xcassets in Resources */ = {isa = PBXBuildFile; fileRef = 22A40ECE23CDACD200800FCB /* Assets.xcassets */; };
		22A40ED223CDACD200800FCB /* LaunchScreen.storyboard in Resources */ = {isa = PBXBuildFile; fileRef = 22A40ED023CDACD200800FCB /* LaunchScreen.storyboard */; };
		22A40EDD23CDB06400800FCB /* logo_white.png in Resources */ = {isa = PBXBuildFile; fileRef = 22A40EDA23CDB06400800FCB /* logo_white.png */; };
		22A40EE523CDB07C00800FCB /* HomePage.swift in Sources */ = {isa = PBXBuildFile; fileRef = 22A40EE023CDB07C00800FCB /* HomePage.swift */; };
		22A40EE823CDB07C00800FCB /* Main.storyboard in Resources */ = {isa = PBXBuildFile; fileRef = 22A40EE323CDB07C00800FCB /* Main.storyboard */; };
		22A40EE923CDB07C00800FCB /* RealtimeTrack.swift in Sources */ = {isa = PBXBuildFile; fileRef = 22A40EE423CDB07C00800FCB /* RealtimeTrack.swift */; };
		948F4605DF33F5960CFC3025 /* Pods_DoreHandTrackDemo.framework in Frameworks */ = {isa = PBXBuildFile; fileRef = 684521ADF00F04012466E2FA /* Pods_DoreHandTrackDemo.framework */; };
/* End PBXBuildFile section */

/* Begin PBXFileReference section */
		226BBE902549D0D20059666C /* DoreCoreAI.xcframework */ = {isa = PBXFileReference; lastKnownFileType = wrapper.xcframework; name = DoreCoreAI.xcframework; path = Pods/DoreCoreAI/Frameworks/DoreCoreAI.xcframework; sourceTree = "<group>"; };
		22A40EC223CDACD000800FCB /* DoreHandTrackDemo.app */ = {isa = PBXFileReference; explicitFileType = wrapper.application; includeInIndex = 0; path = DoreHandTrackDemo.app; sourceTree = BUILT_PRODUCTS_DIR; };
		22A40EC523CDACD000800FCB /* AppDelegate.swift */ = {isa = PBXFileReference; lastKnownFileType = sourcecode.swift; path = AppDelegate.swift; sourceTree = "<group>"; };
		22A40ECE23CDACD200800FCB /* Assets.xcassets */ = {isa = PBXFileReference; lastKnownFileType = folder.assetcatalog; path = Assets.xcassets; sourceTree = "<group>"; };
		22A40ED123CDACD200800FCB /* Base */ = {isa = PBXFileReference; lastKnownFileType = file.storyboard; name = Base; path = Base.lproj/LaunchScreen.storyboard; sourceTree = "<group>"; };
		22A40ED323CDACD200800FCB /* Info.plist */ = {isa = PBXFileReference; lastKnownFileType = text.plist.xml; path = Info.plist; sourceTree = "<group>"; };
		22A40EDA23CDB06400800FCB /* logo_white.png */ = {isa = PBXFileReference; lastKnownFileType = image.png; path = logo_white.png; sourceTree = "<group>"; };
		22A40EE023CDB07C00800FCB /* HomePage.swift */ = {isa = PBXFileReference; fileEncoding = 4; lastKnownFileType = sourcecode.swift; path = HomePage.swift; sourceTree = "<group>"; };
		22A40EE323CDB07C00800FCB /* Main.storyboard */ = {isa = PBXFileReference; fileEncoding = 4; lastKnownFileType = file.storyboard; path = Main.storyboard; sourceTree = "<group>"; };
		22A40EE423CDB07C00800FCB /* RealtimeTrack.swift */ = {isa = PBXFileReference; fileEncoding = 4; lastKnownFileType = sourcecode.swift; path = RealtimeTrack.swift; sourceTree = "<group>"; };
		684521ADF00F04012466E2FA /* Pods_DoreHandTrackDemo.framework */ = {isa = PBXFileReference; explicitFileType = wrapper.framework; includeInIndex = 0; path = Pods_DoreHandTrackDemo.framework; sourceTree = BUILT_PRODUCTS_DIR; };
		89043A9BFB51C8A7152D81B4 /* Pods-DoreHandTrackDemo.debug.xcconfig */ = {isa = PBXFileReference; includeInIndex = 1; lastKnownFileType = text.xcconfig; name = "Pods-DoreHandTrackDemo.debug.xcconfig"; path = "Target Support Files/Pods-DoreHandTrackDemo/Pods-DoreHandTrackDemo.debug.xcconfig"; sourceTree = "<group>"; };
		BCC67B4B8DA50D2516CBBAAB /* Pods-DoreHandTrackDemo.release.xcconfig */ = {isa = PBXFileReference; includeInIndex = 1; lastKnownFileType = text.xcconfig; name = "Pods-DoreHandTrackDemo.release.xcconfig"; path = "Target Support Files/Pods-DoreHandTrackDemo/Pods-DoreHandTrackDemo.release.xcconfig"; sourceTree = "<group>"; };
/* End PBXFileReference section */

/* Begin PBXFrameworksBuildPhase section */
		22A40EBF23CDACD000800FCB /* Frameworks */ = {
			isa = PBXFrameworksBuildPhase;
			buildActionMask = 2147483647;
			files = (
				948F4605DF33F5960CFC3025 /* Pods_DoreHandTrackDemo.framework in Frameworks */,
			);
			runOnlyForDeploymentPostprocessing = 0;
		};
/* End PBXFrameworksBuildPhase section */

/* Begin PBXGroup section */
		22A40EB923CDACD000800FCB = {
			isa = PBXGroup;
			children = (
				22A40EC423CDACD000800FCB /* DoreHandTrackDemo */,
				22A40EC323CDACD000800FCB /* Products */,
				8F0E0B8E3CD6CE7E0088140E /* Frameworks */,
				587F1E356FBC324FE00D2CCE /* Pods */,
			);
			sourceTree = "<group>";
		};
		22A40EC323CDACD000800FCB /* Products */ = {
			isa = PBXGroup;
			children = (
				22A40EC223CDACD000800FCB /* DoreHandTrackDemo.app */,
			);
			name = Products;
			sourceTree = "<group>";
		};
		22A40EC423CDACD000800FCB /* DoreHandTrackDemo */ = {
			isa = PBXGroup;
			children = (
				22A40ED923CDB06400800FCB /* assets */,
				22A40EE023CDB07C00800FCB /* HomePage.swift */,
				22A40EE323CDB07C00800FCB /* Main.storyboard */,
				22A40EE423CDB07C00800FCB /* RealtimeTrack.swift */,
				22A40EC523CDACD000800FCB /* AppDelegate.swift */,
				22A40ECE23CDACD200800FCB /* Assets.xcassets */,
				22A40ED023CDACD200800FCB /* LaunchScreen.storyboard */,
				22A40ED323CDACD200800FCB /* Info.plist */,
			);
			path = DoreHandTrackDemo;
			sourceTree = "<group>";
		};
		22A40ED923CDB06400800FCB /* assets */ = {
			isa = PBXGroup;
			children = (
				22A40EDA23CDB06400800FCB /* logo_white.png */,
			);
			path = assets;
			sourceTree = "<group>";
		};
		587F1E356FBC324FE00D2CCE /* Pods */ = {
			isa = PBXGroup;
			children = (
				89043A9BFB51C8A7152D81B4 /* Pods-DoreHandTrackDemo.debug.xcconfig */,
				BCC67B4B8DA50D2516CBBAAB /* Pods-DoreHandTrackDemo.release.xcconfig */,
			);
			path = Pods;
			sourceTree = "<group>";
		};
		8F0E0B8E3CD6CE7E0088140E /* Frameworks */ = {
			isa = PBXGroup;
			children = (
				226BBE902549D0D20059666C /* DoreCoreAI.xcframework */,
				684521ADF00F04012466E2FA /* Pods_DoreHandTrackDemo.framework */,
			);
			name = Frameworks;
			sourceTree = "<group>";
		};
/* End PBXGroup section */

/* Begin PBXNativeTarget section */
		22A40EC123CDACD000800FCB /* DoreHandTrackDemo */ = {
			isa = PBXNativeTarget;
			buildConfigurationList = 22A40ED623CDACD200800FCB /* Build configuration list for PBXNativeTarget "DoreHandTrackDemo" */;
			buildPhases = (
				24C5C5E04D8DA370A012D6D1 /* [CP] Check Pods Manifest.lock */,
				22A40EBE23CDACD000800FCB /* Sources */,
				22A40EBF23CDACD000800FCB /* Frameworks */,
				22A40EC023CDACD000800FCB /* Resources */,
				0B2E782608494536FC1892F1 /* [CP] Embed Pods Frameworks */,
			);
			buildRules = (
			);
			dependencies = (
			);
			name = DoreHandTrackDemo;
			productName = DoreHandTrackDemo;
			productReference = 22A40EC223CDACD000800FCB /* DoreHandTrackDemo.app */;
			productType = "com.apple.product-type.application";
		};
/* End PBXNativeTarget section */

/* Begin PBXProject section */
		22A40EBA23CDACD000800FCB /* Project object */ = {
			isa = PBXProject;
			attributes = {
				LastSwiftUpdateCheck = 1130;
				LastUpgradeCheck = 1130;
				ORGANIZATIONNAME = dore;
				TargetAttributes = {
					22A40EC123CDACD000800FCB = {
						CreatedOnToolsVersion = 11.3;
					};
				};
			};
			buildConfigurationList = 22A40EBD23CDACD000800FCB /* Build configuration list for PBXProject "DoreHandTrackDemo" */;
			compatibilityVersion = "Xcode 9.3";
			developmentRegion = en;
			hasScannedForEncodings = 0;
			knownRegions = (
				en,
				Base,
			);
			mainGroup = 22A40EB923CDACD000800FCB;
			productRefGroup = 22A40EC323CDACD000800FCB /* Products */;
			projectDirPath = "";
			projectRoot = "";
			targets = (
				22A40EC123CDACD000800FCB /* DoreHandTrackDemo */,
			);
		};
/* End PBXProject section */

/* Begin PBXResourcesBuildPhase section */
		22A40EC023CDACD000800FCB /* Resources */ = {
			isa = PBXResourcesBuildPhase;
			buildActionMask = 2147483647;
			files = (
				22A40ED223CDACD200800FCB /* LaunchScreen.storyboard in Resources */,
				22A40ECF23CDACD200800FCB /* Assets.xcassets in Resources */,
				22A40EE823CDB07C00800FCB /* Main.storyboard in Resources */,
				22A40EDD23CDB06400800FCB /* logo_white.png in Resources */,
			);
			runOnlyForDeploymentPostprocessing = 0;
		};
/* End PBXResourcesBuildPhase section */

/* Begin PBXShellScriptBuildPhase section */
		0B2E782608494536FC1892F1 /* [CP] Embed Pods Frameworks */ = {
			isa = PBXShellScriptBuildPhase;
			buildActionMask = 2147483647;
			files = (
			);
			inputFileListPaths = (
				"${PODS_ROOT}/Target Support Files/Pods-DoreHandTrackDemo/Pods-DoreHandTrackDemo-frameworks-${CONFIGURATION}-input-files.xcfilelist",
			);
			name = "[CP] Embed Pods Frameworks";
			outputFileListPaths = (
				"${PODS_ROOT}/Target Support Files/Pods-DoreHandTrackDemo/Pods-DoreHandTrackDemo-frameworks-${CONFIGURATION}-output-files.xcfilelist",
			);
			runOnlyForDeploymentPostprocessing = 0;
			shellPath = /bin/sh;
			shellScript = "\"${PODS_ROOT}/Target Support Files/Pods-DoreHandTrackDemo/Pods-DoreHandTrackDemo-frameworks.sh\"\n";
			showEnvVarsInLog = 0;
		};
		24C5C5E04D8DA370A012D6D1 /* [CP] Check Pods Manifest.lock */ = {
			isa = PBXShellScriptBuildPhase;
			buildActionMask = 2147483647;
			files = (
			);
			inputFileListPaths = (
			);
			inputPaths = (
				"${PODS_PODFILE_DIR_PATH}/Podfile.lock",
				"${PODS_ROOT}/Manifest.lock",
			);
			name = "[CP] Check Pods Manifest.lock";
			outputFileListPaths = (
			);
			outputPaths = (
				"$(DERIVED_FILE_DIR)/Pods-DoreHandTrackDemo-checkManifestLockResult.txt",
			);
			runOnlyForDeploymentPostprocessing = 0;
			shellPath = /bin/sh;
			shellScript = "diff \"${PODS_PODFILE_DIR_PATH}/Podfile.lock\" \"${PODS_ROOT}/Manifest.lock\" > /dev/null\nif [ $? != 0 ] ; then\n    # print error to STDERR\n    echo \"error: The sandbox is not in sync with the Podfile.lock. Run 'pod install' or update your CocoaPods installation.\" >&2\n    exit 1\nfi\n# This output is used by Xcode 'outputs' to avoid re-running this script phase.\necho \"SUCCESS\" > \"${SCRIPT_OUTPUT_FILE_0}\"\n";
			showEnvVarsInLog = 0;
		};
/* End PBXShellScriptBuildPhase section */

/* Begin PBXSourcesBuildPhase section */
		22A40EBE23CDACD000800FCB /* Sources */ = {
			isa = PBXSourcesBuildPhase;
			buildActionMask = 2147483647;
			files = (
				22A40EC623CDACD000800FCB /* AppDelegate.swift in Sources */,
				22A40EE923CDB07C00800FCB /* RealtimeTrack.swift in Sources */,
				22A40EE523CDB07C00800FCB /* HomePage.swift in Sources */,
			);
			runOnlyForDeploymentPostprocessing = 0;
		};
/* End PBXSourcesBuildPhase section */

/* Begin PBXVariantGroup section */
		22A40ED023CDACD200800FCB /* LaunchScreen.storyboard */ = {
			isa = PBXVariantGroup;
			children = (
				22A40ED123CDACD200800FCB /* Base */,
			);
			name = LaunchScreen.storyboard;
			sourceTree = "<group>";
		};
/* End PBXVariantGroup section */

/* Begin XCBuildConfiguration section */
		22A40ED423CDACD200800FCB /* Debug */ = {
			isa = XCBuildConfiguration;
			buildSettings = {
				ALWAYS_SEARCH_USER_PATHS = NO;
				CLANG_ANALYZER_NONNULL = YES;
				CLANG_ANALYZER_NUMBER_OBJECT_CONVERSION = YES_AGGRESSIVE;
				CLANG_CXX_LANGUAGE_STANDARD = "gnu++14";
				CLANG_CXX_LIBRARY = "libc++";
				CLANG_ENABLE_MODULES = YES;
				CLANG_ENABLE_OBJC_ARC = YES;
				CLANG_ENABLE_OBJC_WEAK = YES;
				CLANG_WARN_BLOCK_CAPTURE_AUTORELEASING = YES;
				CLANG_WARN_BOOL_CONVERSION = YES;
				CLANG_WARN_COMMA = YES;
				CLANG_WARN_CONSTANT_CONVERSION = YES;
				CLANG_WARN_DEPRECATED_OBJC_IMPLEMENTATIONS = YES;
				CLANG_WARN_DIRECT_OBJC_ISA_USAGE = YES_ERROR;
				CLANG_WARN_DOCUMENTATION_COMMENTS = YES;
				CLANG_WARN_EMPTY_BODY = YES;
				CLANG_WARN_ENUM_CONVERSION = YES;
				CLANG_WARN_INFINITE_RECURSION = YES;
				CLANG_WARN_INT_CONVERSION = YES;
				CLANG_WARN_NON_LITERAL_NULL_CONVERSION = YES;
				CLANG_WARN_OBJC_IMPLICIT_RETAIN_SELF = YES;
				CLANG_WARN_OBJC_LITERAL_CONVERSION = YES;
				CLANG_WARN_OBJC_ROOT_CLASS = YES_ERROR;
				CLANG_WARN_RANGE_LOOP_ANALYSIS = YES;
				CLANG_WARN_STRICT_PROTOTYPES = YES;
				CLANG_WARN_SUSPICIOUS_MOVE = YES;
				CLANG_WARN_UNGUARDED_AVAILABILITY = YES_AGGRESSIVE;
				CLANG_WARN_UNREACHABLE_CODE = YES;
				CLANG_WARN__DUPLICATE_METHOD_MATCH = YES;
				COPY_PHASE_STRIP = NO;
				DEBUG_INFORMATION_FORMAT = dwarf;
				ENABLE_STRICT_OBJC_MSGSEND = YES;
				ENABLE_TESTABILITY = YES;
				GCC_C_LANGUAGE_STANDARD = gnu11;
				GCC_DYNAMIC_NO_PIC = NO;
				GCC_NO_COMMON_BLOCKS = YES;
				GCC_OPTIMIZATION_LEVEL = 0;
				GCC_PREPROCESSOR_DEFINITIONS = (
					"DEBUG=1",
					"$(inherited)",
				);
				GCC_WARN_64_TO_32_BIT_CONVERSION = YES;
				GCC_WARN_ABOUT_RETURN_TYPE = YES_ERROR;
				GCC_WARN_UNDECLARED_SELECTOR = YES;
				GCC_WARN_UNINITIALIZED_AUTOS = YES_AGGRESSIVE;
				GCC_WARN_UNUSED_FUNCTION = YES;
				GCC_WARN_UNUSED_VARIABLE = YES;
				IPHONEOS_DEPLOYMENT_TARGET = 13.2;
				MTL_ENABLE_DEBUG_INFO = INCLUDE_SOURCE;
				MTL_FAST_MATH = YES;
				ONLY_ACTIVE_ARCH = YES;
				SDKROOT = iphoneos;
				SWIFT_ACTIVE_COMPILATION_CONDITIONS = DEBUG;
				SWIFT_OPTIMIZATION_LEVEL = "-Onone";
			};
			name = Debug;
		};
		22A40ED523CDACD200800FCB /* Release */ = {
			isa = XCBuildConfiguration;
			buildSettings = {
				ALWAYS_SEARCH_USER_PATHS = NO;
				CLANG_ANALYZER_NONNULL = YES;
				CLANG_ANALYZER_NUMBER_OBJECT_CONVERSION = YES_AGGRESSIVE;
				CLANG_CXX_LANGUAGE_STANDARD = "gnu++14";
				CLANG_CXX_LIBRARY = "libc++";
				CLANG_ENABLE_MODULES = YES;
				CLANG_ENABLE_OBJC_ARC = YES;
				CLANG_ENABLE_OBJC_WEAK = YES;
				CLANG_WARN_BLOCK_CAPTURE_AUTORELEASING = YES;
				CLANG_WARN_BOOL_CONVERSION = YES;
				CLANG_WARN_COMMA = YES;
				CLANG_WARN_CONSTANT_CONVERSION = YES;
				CLANG_WARN_DEPRECATED_OBJC_IMPLEMENTATIONS = YES;
				CLANG_WARN_DIRECT_OBJC_ISA_USAGE = YES_ERROR;
				CLANG_WARN_DOCUMENTATION_COMMENTS = YES;
				CLANG_WARN_EMPTY_BODY = YES;
				CLANG_WARN_ENUM_CONVERSION = YES;
				CLANG_WARN_INFINITE_RECURSION = YES;
				CLANG_WARN_INT_CONVERSION = YES;
				CLANG_WARN_NON_LITERAL_NULL_CONVERSION = YES;
				CLANG_WARN_OBJC_IMPLICIT_RETAIN_SELF = YES;
				CLANG_WARN_OBJC_LITERAL_CONVERSION = YES;
				CLANG_WARN_OBJC_ROOT_CLASS = YES_ERROR;
				CLANG_WARN_RANGE_LOOP_ANALYSIS = YES;
				CLANG_WARN_STRICT_PROTOTYPES = YES;
				CLANG_WARN_SUSPICIOUS_MOVE = YES;
				CLANG_WARN_UNGUARDED_AVAILABILITY = YES_AGGRESSIVE;
				CLANG_WARN_UNREACHABLE_CODE = YES;
				CLANG_WARN__DUPLICATE_METHOD_MATCH = YES;
				COPY_PHASE_STRIP = NO;
				DEBUG_INFORMATION_FORMAT = "dwarf-with-dsym";
				ENABLE_NS_ASSERTIONS = NO;
				ENABLE_STRICT_OBJC_MSGSEND = YES;
				GCC_C_LANGUAGE_STANDARD = gnu11;
				GCC_NO_COMMON_BLOCKS = YES;
				GCC_WARN_64_TO_32_BIT_CONVERSION = YES;
				GCC_WARN_ABOUT_RETURN_TYPE = YES_ERROR;
				GCC_WARN_UNDECLARED_SELECTOR = YES;
				GCC_WARN_UNINITIALIZED_AUTOS = YES_AGGRESSIVE;
				GCC_WARN_UNUSED_FUNCTION = YES;
				GCC_WARN_UNUSED_VARIABLE = YES;
				IPHONEOS_DEPLOYMENT_TARGET = 13.2;
				MTL_ENABLE_DEBUG_INFO = NO;
				MTL_FAST_MATH = YES;
				SDKROOT = iphoneos;
				SWIFT_COMPILATION_MODE = wholemodule;
				SWIFT_OPTIMIZATION_LEVEL = "-O";
				VALIDATE_PRODUCT = YES;
			};
			name = Release;
		};
		22A40ED723CDACD200800FCB /* Debug */ = {
			isa = XCBuildConfiguration;
			baseConfigurationReference = 89043A9BFB51C8A7152D81B4 /* Pods-DoreHandTrackDemo.debug.xcconfig */;
			buildSettings = {
				ASSETCATALOG_COMPILER_APPICON_NAME = AppIcon;
				CODE_SIGN_STYLE = Automatic;
				DEVELOPMENT_TEAM = DC3Y7G9T2N;
				FRAMEWORK_SEARCH_PATHS = (
					"$(inherited)",
					"$(PROJECT_DIR)/DoreHandTrackDemo",
				);
				INFOPLIST_FILE = DoreHandTrackDemo/Info.plist;
				IPHONEOS_DEPLOYMENT_TARGET = 12.0;
				LD_RUNPATH_SEARCH_PATHS = (
					"$(inherited)",
					"@executable_path/Frameworks",
				);
				PRODUCT_BUNDLE_IDENTIFIER = com.dore.DoreHandTrackDemo;
				PRODUCT_NAME = "$(TARGET_NAME)";
				SWIFT_VERSION = 5.0;
				TARGETED_DEVICE_FAMILY = "1,2";
			};
			name = Debug;
		};
		22A40ED823CDACD200800FCB /* Release */ = {
			isa = XCBuildConfiguration;
			baseConfigurationReference = BCC67B4B8DA50D2516CBBAAB /* Pods-DoreHandTrackDemo.release.xcconfig */;
			buildSettings = {
				ASSETCATALOG_COMPILER_APPICON_NAME = AppIcon;
				CODE_SIGN_STYLE = Automatic;
				DEVELOPMENT_TEAM = DC3Y7G9T2N;
				FRAMEWORK_SEARCH_PATHS = (
					"$(inherited)",
					"$(PROJECT_DIR)/DoreHandTrackDemo",
				);
				INFOPLIST_FILE = DoreHandTrackDemo/Info.plist;
				IPHONEOS_DEPLOYMENT_TARGET = 12.0;
				LD_RUNPATH_SEARCH_PATHS = (
					"$(inherited)",
					"@executable_path/Frameworks",
				);
				PRODUCT_BUNDLE_IDENTIFIER = com.dore.DoreHandTrackDemo;
				PRODUCT_NAME = "$(TARGET_NAME)";
				SWIFT_VERSION = 5.0;
				TARGETED_DEVICE_FAMILY = "1,2";
			};
			name = Release;
		};
/* End XCBuildConfiguration section */

/* Begin XCConfigurationList section */
		22A40EBD23CDACD000800FCB /* Build configuration list for PBXProject "DoreHandTrackDemo" */ = {
			isa = XCConfigurationList;
			buildConfigurations = (
				22A40ED423CDACD200800FCB /* Debug */,
				22A40ED523CDACD200800FCB /* Release */,
			);
			defaultConfigurationIsVisible = 0;
			defaultConfigurationName = Release;
		};
		22A40ED623CDACD200800FCB /* Build configuration list for PBXNativeTarget "DoreHandTrackDemo" */ = {
			isa = XCConfigurationList;
			buildConfigurations = (
				22A40ED723CDACD200800FCB /* Debug */,
				22A40ED823CDACD200800FCB /* Release */,
			);
			defaultConfigurationIsVisible = 0;
			defaultConfigurationName = Release;
		};
/* End XCConfigurationList section */
	};
	rootObject = 22A40EBA23CDACD000800FCB /* Project object */;
}
