PODS:
  - DoreCoreAI (1.0.16)
  - DoreSegmentLite (1.0.16):
    - DoreCoreAI

DEPENDENCIES:
  - DoreSegmentLite

SPEC REPOS:
  trunk:
    - DoreCoreAI
    - DoreSegmentLite

SPEC CHECKSUMS:
  DoreCoreAI: 88ae34bcfa2cf21ec1b956605362476cd28b9ec4
  DoreSegmentLite: d0a4a359fd5f05806af79d764dfd90b8cb911f13

PODFILE CHECKSUM: 7d8abcd88b7faade0615a4fdcc7bf5a3387d1abc

COCOAPODS: 1.10.0
