PODS:
  - DoreCoreAI (1.0.16)
  - DoreSoundPlay (1.0.16):
    - DoreCoreAI

DEPENDENCIES:
  - DoreSoundPlay

SPEC REPOS:
  trunk:
    - DoreCoreAI
    - DoreSoundPlay

SPEC CHECKSUMS:
  DoreCoreAI: 88ae34bcfa2cf21ec1b956605362476cd28b9ec4
  DoreSoundPlay: 57c27eda1ea0b9c85fe3144cbd78fdca95f0087a

PODFILE CHECKSUM: 57193d8a59be0f3319aba9c38d128519b6eda208

COCOAPODS: 1.10.0
