PODS:
  - DoreCoreAI (1.0.17)
  - DoreSoundPlay (1.0.17):
    - DoreCoreAI

DEPENDENCIES:
  - DoreSoundPlay

SPEC REPOS:
  trunk:
    - DoreCoreAI
    - DoreSoundPlay

SPEC CHECKSUMS:
  DoreCoreAI: b5cdb2a1b0a9befe8f945ad9d8e69ccd478985bb
  DoreSoundPlay: 8eeb77851da1b8dc327d4c4e7a1380136f8b4569

PODFILE CHECKSUM: 57193d8a59be0f3319aba9c38d128519b6eda208

COCOAPODS: 1.12.1
