PODS:
  - DoreCoreAI (1.0.18)
  - DoreDeepStyle (1.0.17):
    - DoreCoreAI

DEPENDENCIES:
  - DoreCoreAI (= 1.0.18)
  - DoreDeepStyle (= 1.0.17)

SPEC REPOS:
  trunk:
    - DoreCoreAI
    - DoreDeepStyle

SPEC CHECKSUMS:
  DoreCoreAI: fc6afd16ebafab3d9f0631d9ed06a807fcb09176
  DoreDeepStyle: 3d4c22ac574b9f8cbf154dcdbed0cbab67a9f9c0

PODFILE CHECKSUM: 6045cef2b4c58483f50a0e0b0da3db16eb1e24a6

COCOAPODS: 1.12.1
