PODS:
  - DoreCoreAI (1.0.16)
  - DoreDeepStyle (1.0.16):
    - DoreCoreAI

DEPENDENCIES:
  - DoreDeepStyle

SPEC REPOS:
  trunk:
    - DoreCoreAI
    - DoreDeepStyle

SPEC CHECKSUMS:
  DoreCoreAI: 88ae34bcfa2cf21ec1b956605362476cd28b9ec4
  DoreDeepStyle: 4c24a7d3079ab7667b33fd1823802222ead33a0b

PODFILE CHECKSUM: 4bcded650d31d850fd80d3ac29d7c80188db6308

COCOAPODS: 1.10.0
