PODS:
  - DoreCoreAI (1.0.17)
  - DoreEmotionRecognition (1.0.17):
    - DoreCoreAI
    - TensorFlowLiteSwift (= 2.0.0)
  - TensorFlowLiteC (2.0.0)
  - TensorFlowLiteSwift (2.0.0):
    - TensorFlowLiteC (= 2.0.0)

DEPENDENCIES:
  - DoreEmotionRecognition

SPEC REPOS:
  trunk:
    - DoreCoreAI
    - DoreEmotionRecognition
    - TensorFlowLiteC
    - TensorFlowLiteSwift

SPEC CHECKSUMS:
  DoreCoreAI: b5cdb2a1b0a9befe8f945ad9d8e69ccd478985bb
  DoreEmotionRecognition: 4f1dd75ba5348effe658ac26be689b011b69788f
  TensorFlowLiteC: d22a94f77938edb2dfcb9674937f9548a3fcdb23
  TensorFlowLiteSwift: dcd91bd74091f8e3e1b9b28a7d789f635dc26bea

PODFILE CHECKSUM: c06f2d4db39e50e1b83cabb51ad7fb51c6f0cfaf

COCOAPODS: 1.12.1
