PODS:
  - DoreCoreAI (1.0.16)
  - DoreHairSegmentLite (1.0.16):
    - DoreCoreAI

DEPENDENCIES:
  - DoreHairSegmentLite

SPEC REPOS:
  trunk:
    - DoreCoreAI
    - DoreHairSegmentLite

SPEC CHECKSUMS:
  DoreCoreAI: 88ae34bcfa2cf21ec1b956605362476cd28b9ec4
  DoreHairSegmentLite: 53e2638be95b5ec7eb20d05f78e7a4df07726d07

PODFILE CHECKSUM: dfe8a59e89258ffc8a2860e1ff771a64bc8c87c1

COCOAPODS: 1.10.0
