// !$*UTF8*$!
{
	archiveVersion = 1;
	classes = {
	};
	objectVersion = 55;
	objects = {

/* Begin PBXBuildFile section */
		22FA1BC6276A46B400E07258 /* AppDelegate.swift in Sources */ = {isa = PBXBuildFile; fileRef = 22FA1BC5276A46B400E07258 /* AppDelegate.swift */; };
		22FA1BCD276A46B400E07258 /* Main.storyboard in Resources */ = {isa = PBXBuildFile; fileRef = 22FA1BCB276A46B400E07258 /* Main.storyboard */; };
		22FA1BCF276A46B500E07258 /* Assets.xcassets in Resources */ = {isa = PBXBuildFile; fileRef = 22FA1BCE276A46B500E07258 /* Assets.xcassets */; };
		22FA1BD2276A46B500E07258 /* LaunchScreen.storyboard in Resources */ = {isa = PBXBuildFile; fileRef = 22FA1BD0276A46B500E07258 /* LaunchScreen.storyboard */; };
		22FA1BDA276A47B800E07258 /* DoreCoreAI.xcframework in Frameworks */ = {isa = PBXBuildFile; fileRef = 22FA1BD9276A47B800E07258 /* DoreCoreAI.xcframework */; };
		22FA1BDB276A47B800E07258 /* DoreCoreAI.xcframework in Embed Frameworks */ = {isa = PBXBuildFile; fileRef = 22FA1BD9276A47B800E07258 /* DoreCoreAI.xcframework */; settings = {ATTRIBUTES = (CodeSignOnCopy, RemoveHeadersOnCopy, ); }; };
		22FA1BDE276A47BC00E07258 /* DoreCartoon.xcframework in Frameworks */ = {isa = PBXBuildFile; fileRef = 22FA1BDD276A47BC00E07258 /* DoreCartoon.xcframework */; };
		22FA1BDF276A47BC00E07258 /* DoreCartoon.xcframework in Embed Frameworks */ = {isa = PBXBuildFile; fileRef = 22FA1BDD276A47BC00E07258 /* DoreCartoon.xcframework */; settings = {ATTRIBUTES = (CodeSignOnCopy, RemoveHeadersOnCopy, ); }; };
		22FA1BE6276A48B800E07258 /* video1.mp4 in Resources */ = {isa = PBXBuildFile; fileRef = 22FA1BE1276A48B800E07258 /* video1.mp4 */; };
		22FA1BE7276A48B800E07258 /* video2.mp4 in Resources */ = {isa = PBXBuildFile; fileRef = 22FA1BE2276A48B800E07258 /* video2.mp4 */; };
		22FA1BE8276A48B800E07258 /* photo.jpg in Resources */ = {isa = PBXBuildFile; fileRef = 22FA1BE3276A48B800E07258 /* photo.jpg */; };
		22FA1BE9276A48B800E07258 /* logo_white.png in Resources */ = {isa = PBXBuildFile; fileRef = 22FA1BE4276A48B800E07258 /* logo_white.png */; };
		22FA1BEA276A48B800E07258 /* bg.jpg in Resources */ = {isa = PBXBuildFile; fileRef = 22FA1BE5276A48B800E07258 /* bg.jpg */; };
		22FA1BEF276A48D500E07258 /* HomePage.swift in Sources */ = {isa = PBXBuildFile; fileRef = 22FA1BEB276A48D500E07258 /* HomePage.swift */; };
		22FA1BF0276A48D500E07258 /* Videocartoon.swift in Sources */ = {isa = PBXBuildFile; fileRef = 22FA1BEC276A48D500E07258 /* Videocartoon.swift */; };
		22FA1BF1276A48D500E07258 /* Picturecartoon.swift in Sources */ = {isa = PBXBuildFile; fileRef = 22FA1BED276A48D500E07258 /* Picturecartoon.swift */; };
		22FA1BF2276A48D500E07258 /* Livecartoon.swift in Sources */ = {isa = PBXBuildFile; fileRef = 22FA1BEE276A48D500E07258 /* Livecartoon.swift */; };
		8C6954530E266D3431BF93F9 /* Pods_DoreCartoonDemo.framework in Frameworks */ = {isa = PBXBuildFile; fileRef = DC104260A781125A90990CF5 /* Pods_DoreCartoonDemo.framework */; };
/* End PBXBuildFile section */

/* Begin PBXCopyFilesBuildPhase section */
		22FA1BDC276A47B800E07258 /* Embed Frameworks */ = {
			isa = PBXCopyFilesBuildPhase;
			buildActionMask = 2147483647;
			dstPath = "";
			dstSubfolderSpec = 10;
			files = (
				22FA1BDF276A47BC00E07258 /* DoreCartoon.xcframework in Embed Frameworks */,
				22FA1BDB276A47B800E07258 /* DoreCoreAI.xcframework in Embed Frameworks */,
			);
			name = "Embed Frameworks";
			runOnlyForDeploymentPostprocessing = 0;
		};
/* End PBXCopyFilesBuildPhase section */

/* Begin PBXFileReference section */
		22FA1BC2276A46B400E07258 /* DoreCartoonDemo.app */ = {isa = PBXFileReference; explicitFileType = wrapper.application; includeInIndex = 0; path = DoreCartoonDemo.app; sourceTree = BUILT_PRODUCTS_DIR; };
		22FA1BC5276A46B400E07258 /* AppDelegate.swift */ = {isa = PBXFileReference; lastKnownFileType = sourcecode.swift; path = AppDelegate.swift; sourceTree = "<group>"; };
		22FA1BCC276A46B400E07258 /* Base */ = {isa = PBXFileReference; lastKnownFileType = file.storyboard; name = Base; path = Base.lproj/Main.storyboard; sourceTree = "<group>"; };
		22FA1BCE276A46B500E07258 /* Assets.xcassets */ = {isa = PBXFileReference; lastKnownFileType = folder.assetcatalog; path = Assets.xcassets; sourceTree = "<group>"; };
		22FA1BD1276A46B500E07258 /* Base */ = {isa = PBXFileReference; lastKnownFileType = file.storyboard; name = Base; path = Base.lproj/LaunchScreen.storyboard; sourceTree = "<group>"; };
		22FA1BD9276A47B800E07258 /* DoreCoreAI.xcframework */ = {isa = PBXFileReference; lastKnownFileType = wrapper.xcframework; name = DoreCoreAI.xcframework; path = Pods/DoreCoreAI/Frameworks/DoreCoreAI.xcframework; sourceTree = "<group>"; };
		22FA1BDD276A47BC00E07258 /* DoreCartoon.xcframework */ = {isa = PBXFileReference; lastKnownFileType = wrapper.xcframework; name = DoreCartoon.xcframework; path = Pods/DoreCartoon/Frameworks/DoreCartoon.xcframework; sourceTree = "<group>"; };
		22FA1BE1276A48B800E07258 /* video1.mp4 */ = {isa = PBXFileReference; lastKnownFileType = file; path = video1.mp4; sourceTree = "<group>"; };
		22FA1BE2276A48B800E07258 /* video2.mp4 */ = {isa = PBXFileReference; lastKnownFileType = file; path = video2.mp4; sourceTree = "<group>"; };
		22FA1BE3276A48B800E07258 /* photo.jpg */ = {isa = PBXFileReference; lastKnownFileType = image.jpeg; path = photo.jpg; sourceTree = "<group>"; };
		22FA1BE4276A48B800E07258 /* logo_white.png */ = {isa = PBXFileReference; lastKnownFileType = image.png; path = logo_white.png; sourceTree = "<group>"; };
		22FA1BE5276A48B800E07258 /* bg.jpg */ = {isa = PBXFileReference; lastKnownFileType = image.jpeg; path = bg.jpg; sourceTree = "<group>"; };
		22FA1BEB276A48D500E07258 /* HomePage.swift */ = {isa = PBXFileReference; fileEncoding = 4; lastKnownFileType = sourcecode.swift; path = HomePage.swift; sourceTree = "<group>"; };
		22FA1BEC276A48D500E07258 /* Videocartoon.swift */ = {isa = PBXFileReference; fileEncoding = 4; lastKnownFileType = sourcecode.swift; path = Videocartoon.swift; sourceTree = "<group>"; };
		22FA1BED276A48D500E07258 /* Picturecartoon.swift */ = {isa = PBXFileReference; fileEncoding = 4; lastKnownFileType = sourcecode.swift; path = Picturecartoon.swift; sourceTree = "<group>"; };
		22FA1BEE276A48D500E07258 /* Livecartoon.swift */ = {isa = PBXFileReference; fileEncoding = 4; lastKnownFileType = sourcecode.swift; path = Livecartoon.swift; sourceTree = "<group>"; };
		22FA1BF7276A51A400E07258 /* Info.plist */ = {isa = PBXFileReference; fileEncoding = 4; lastKnownFileType = text.plist.xml; path = Info.plist; sourceTree = "<group>"; };
		C9991A998EFAFEF4651EBBA0 /* Pods-DoreCartoonDemo.release.xcconfig */ = {isa = PBXFileReference; includeInIndex = 1; lastKnownFileType = text.xcconfig; name = "Pods-DoreCartoonDemo.release.xcconfig"; path = "Target Support Files/Pods-DoreCartoonDemo/Pods-DoreCartoonDemo.release.xcconfig"; sourceTree = "<group>"; };
		CA9293BC735D9B37E5E21659 /* Pods-DoreCartoonDemo.debug.xcconfig */ = {isa = PBXFileReference; includeInIndex = 1; lastKnownFileType = text.xcconfig; name = "Pods-DoreCartoonDemo.debug.xcconfig"; path = "Target Support Files/Pods-DoreCartoonDemo/Pods-DoreCartoonDemo.debug.xcconfig"; sourceTree = "<group>"; };
		DC104260A781125A90990CF5 /* Pods_DoreCartoonDemo.framework */ = {isa = PBXFileReference; explicitFileType = wrapper.framework; includeInIndex = 0; path = Pods_DoreCartoonDemo.framework; sourceTree = BUILT_PRODUCTS_DIR; };
/* End PBXFileReference section */

/* Begin PBXFrameworksBuildPhase section */
		22FA1BBF276A46B400E07258 /* Frameworks */ = {
			isa = PBXFrameworksBuildPhase;
			buildActionMask = 2147483647;
			files = (
				22FA1BDA276A47B800E07258 /* DoreCoreAI.xcframework in Frameworks */,
				22FA1BDE276A47BC00E07258 /* DoreCartoon.xcframework in Frameworks */,
				8C6954530E266D3431BF93F9 /* Pods_DoreCartoonDemo.framework in Frameworks */,
			);
			runOnlyForDeploymentPostprocessing = 0;
		};
/* End PBXFrameworksBuildPhase section */

/* Begin PBXGroup section */
		110E3E04D503E95AE253420B /* Pods */ = {
			isa = PBXGroup;
			children = (
				CA9293BC735D9B37E5E21659 /* Pods-DoreCartoonDemo.debug.xcconfig */,
				C9991A998EFAFEF4651EBBA0 /* Pods-DoreCartoonDemo.release.xcconfig */,
			);
			path = Pods;
			sourceTree = "<group>";
		};
		22FA1BB9276A46B300E07258 = {
			isa = PBXGroup;
			children = (
				22FA1BC4276A46B400E07258 /* DoreCartoonDemo */,
				22FA1BC3276A46B400E07258 /* Products */,
				110E3E04D503E95AE253420B /* Pods */,
				A76E4EB3E78E2DA1765B4436 /* Frameworks */,
			);
			sourceTree = "<group>";
		};
		22FA1BC3276A46B400E07258 /* Products */ = {
			isa = PBXGroup;
			children = (
				22FA1BC2276A46B400E07258 /* DoreCartoonDemo.app */,
			);
			name = Products;
			sourceTree = "<group>";
		};
		22FA1BC4276A46B400E07258 /* DoreCartoonDemo */ = {
			isa = PBXGroup;
			children = (
				22FA1BE0276A48B800E07258 /* assets */,
				22FA1BEB276A48D500E07258 /* HomePage.swift */,
				22FA1BEE276A48D500E07258 /* Livecartoon.swift */,
				22FA1BED276A48D500E07258 /* Picturecartoon.swift */,
				22FA1BEC276A48D500E07258 /* Videocartoon.swift */,
				22FA1BC5276A46B400E07258 /* AppDelegate.swift */,
				22FA1BCB276A46B400E07258 /* Main.storyboard */,
				22FA1BCE276A46B500E07258 /* Assets.xcassets */,
				22FA1BF7276A51A400E07258 /* Info.plist */,
				22FA1BD0276A46B500E07258 /* LaunchScreen.storyboard */,
			);
			path = DoreCartoonDemo;
			sourceTree = "<group>";
		};
		22FA1BE0276A48B800E07258 /* assets */ = {
			isa = PBXGroup;
			children = (
				22FA1BE1276A48B800E07258 /* video1.mp4 */,
				22FA1BE2276A48B800E07258 /* video2.mp4 */,
				22FA1BE3276A48B800E07258 /* photo.jpg */,
				22FA1BE4276A48B800E07258 /* logo_white.png */,
				22FA1BE5276A48B800E07258 /* bg.jpg */,
			);
			path = assets;
			sourceTree = "<group>";
		};
		A76E4EB3E78E2DA1765B4436 /* Frameworks */ = {
			isa = PBXGroup;
			children = (
				22FA1BDD276A47BC00E07258 /* DoreCartoon.xcframework */,
				22FA1BD9276A47B800E07258 /* DoreCoreAI.xcframework */,
				DC104260A781125A90990CF5 /* Pods_DoreCartoonDemo.framework */,
			);
			name = Frameworks;
			sourceTree = "<group>";
		};
/* End PBXGroup section */

/* Begin PBXNativeTarget section */
		22FA1BC1276A46B400E07258 /* DoreCartoonDemo */ = {
			isa = PBXNativeTarget;
			buildConfigurationList = 22FA1BD6276A46B500E07258 /* Build configuration list for PBXNativeTarget "DoreCartoonDemo" */;
			buildPhases = (
				0F8751290F9155A821FA7402 /* [CP] Check Pods Manifest.lock */,
				22FA1BBE276A46B400E07258 /* Sources */,
				22FA1BBF276A46B400E07258 /* Frameworks */,
				22FA1BC0276A46B400E07258 /* Resources */,
				22FA1BDC276A47B800E07258 /* Embed Frameworks */,
			);
			buildRules = (
			);
			dependencies = (
			);
			name = DoreCartoonDemo;
			productName = DoreCartoonDemo;
			productReference = 22FA1BC2276A46B400E07258 /* DoreCartoonDemo.app */;
			productType = "com.apple.product-type.application";
		};
/* End PBXNativeTarget section */

/* Begin PBXProject section */
		22FA1BBA276A46B300E07258 /* Project object */ = {
			isa = PBXProject;
			attributes = {
				BuildIndependentTargetsInParallel = 1;
				LastSwiftUpdateCheck = 1320;
				LastUpgradeCheck = 1320;
				TargetAttributes = {
					22FA1BC1276A46B400E07258 = {
						CreatedOnToolsVersion = 13.2;
					};
				};
			};
			buildConfigurationList = 22FA1BBD276A46B300E07258 /* Build configuration list for PBXProject "DoreCartoonDemo" */;
			compatibilityVersion = "Xcode 13.0";
			developmentRegion = en;
			hasScannedForEncodings = 0;
			knownRegions = (
				en,
				Base,
			);
			mainGroup = 22FA1BB9276A46B300E07258;
			productRefGroup = 22FA1BC3276A46B400E07258 /* Products */;
			projectDirPath = "";
			projectRoot = "";
			targets = (
				22FA1BC1276A46B400E07258 /* DoreCartoonDemo */,
			);
		};
/* End PBXProject section */

/* Begin PBXResourcesBuildPhase section */
		22FA1BC0276A46B400E07258 /* Resources */ = {
			isa = PBXResourcesBuildPhase;
			buildActionMask = 2147483647;
			files = (
				22FA1BD2276A46B500E07258 /* LaunchScreen.storyboard in Resources */,
				22FA1BE9276A48B800E07258 /* logo_white.png in Resources */,
				22FA1BE6276A48B800E07258 /* video1.mp4 in Resources */,
				22FA1BE8276A48B800E07258 /* photo.jpg in Resources */,
				22FA1BCF276A46B500E07258 /* Assets.xcassets in Resources */,
				22FA1BE7276A48B800E07258 /* video2.mp4 in Resources */,
				22FA1BEA276A48B800E07258 /* bg.jpg in Resources */,
				22FA1BCD276A46B400E07258 /* Main.storyboard in Resources */,
			);
			runOnlyForDeploymentPostprocessing = 0;
		};
/* End PBXResourcesBuildPhase section */

/* Begin PBXShellScriptBuildPhase section */
		0F8751290F9155A821FA7402 /* [CP] Check Pods Manifest.lock */ = {
			isa = PBXShellScriptBuildPhase;
			buildActionMask = 2147483647;
			files = (
			);
			inputFileListPaths = (
			);
			inputPaths = (
				"${PODS_PODFILE_DIR_PATH}/Podfile.lock",
				"${PODS_ROOT}/Manifest.lock",
			);
			name = "[CP] Check Pods Manifest.lock";
			outputFileListPaths = (
			);
			outputPaths = (
				"$(DERIVED_FILE_DIR)/Pods-DoreCartoonDemo-checkManifestLockResult.txt",
			);
			runOnlyForDeploymentPostprocessing = 0;
			shellPath = /bin/sh;
			shellScript = "diff \"${PODS_PODFILE_DIR_PATH}/Podfile.lock\" \"${PODS_ROOT}/Manifest.lock\" > /dev/null\nif [ $? != 0 ] ; then\n    # print error to STDERR\n    echo \"error: The sandbox is not in sync with the Podfile.lock. Run 'pod install' or update your CocoaPods installation.\" >&2\n    exit 1\nfi\n# This output is used by Xcode 'outputs' to avoid re-running this script phase.\necho \"SUCCESS\" > \"${SCRIPT_OUTPUT_FILE_0}\"\n";
			showEnvVarsInLog = 0;
		};
/* End PBXShellScriptBuildPhase section */

/* Begin PBXSourcesBuildPhase section */
		22FA1BBE276A46B400E07258 /* Sources */ = {
			isa = PBXSourcesBuildPhase;
			buildActionMask = 2147483647;
			files = (
				22FA1BF2276A48D500E07258 /* Livecartoon.swift in Sources */,
				22FA1BF0276A48D500E07258 /* Videocartoon.swift in Sources */,
				22FA1BC6276A46B400E07258 /* AppDelegate.swift in Sources */,
				22FA1BEF276A48D500E07258 /* HomePage.swift in Sources */,
				22FA1BF1276A48D500E07258 /* Picturecartoon.swift in Sources */,
			);
			runOnlyForDeploymentPostprocessing = 0;
		};
/* End PBXSourcesBuildPhase section */

/* Begin PBXVariantGroup section */
		22FA1BCB276A46B400E07258 /* Main.storyboard */ = {
			isa = PBXVariantGroup;
			children = (
				22FA1BCC276A46B400E07258 /* Base */,
			);
			name = Main.storyboard;
			sourceTree = "<group>";
		};
		22FA1BD0276A46B500E07258 /* LaunchScreen.storyboard */ = {
			isa = PBXVariantGroup;
			children = (
				22FA1BD1276A46B500E07258 /* Base */,
			);
			name = LaunchScreen.storyboard;
			sourceTree = "<group>";
		};
/* End PBXVariantGroup section */

/* Begin XCBuildConfiguration section */
		22FA1BD4276A46B500E07258 /* Debug */ = {
			isa = XCBuildConfiguration;
			buildSettings = {
				ALWAYS_SEARCH_USER_PATHS = NO;
				CLANG_ANALYZER_NONNULL = YES;
				CLANG_ANALYZER_NUMBER_OBJECT_CONVERSION = YES_AGGRESSIVE;
				CLANG_CXX_LANGUAGE_STANDARD = "gnu++17";
				CLANG_CXX_LIBRARY = "libc++";
				CLANG_ENABLE_MODULES = YES;
				CLANG_ENABLE_OBJC_ARC = YES;
				CLANG_ENABLE_OBJC_WEAK = YES;
				CLANG_WARN_BLOCK_CAPTURE_AUTORELEASING = YES;
				CLANG_WARN_BOOL_CONVERSION = YES;
				CLANG_WARN_COMMA = YES;
				CLANG_WARN_CONSTANT_CONVERSION = YES;
				CLANG_WARN_DEPRECATED_OBJC_IMPLEMENTATIONS = YES;
				CLANG_WARN_DIRECT_OBJC_ISA_USAGE = YES_ERROR;
				CLANG_WARN_DOCUMENTATION_COMMENTS = YES;
				CLANG_WARN_EMPTY_BODY = YES;
				CLANG_WARN_ENUM_CONVERSION = YES;
				CLANG_WARN_INFINITE_RECURSION = YES;
				CLANG_WARN_INT_CONVERSION = YES;
				CLANG_WARN_NON_LITERAL_NULL_CONVERSION = YES;
				CLANG_WARN_OBJC_IMPLICIT_RETAIN_SELF = YES;
				CLANG_WARN_OBJC_LITERAL_CONVERSION = YES;
				CLANG_WARN_OBJC_ROOT_CLASS = YES_ERROR;
				CLANG_WARN_QUOTED_INCLUDE_IN_FRAMEWORK_HEADER = YES;
				CLANG_WARN_RANGE_LOOP_ANALYSIS = YES;
				CLANG_WARN_STRICT_PROTOTYPES = YES;
				CLANG_WARN_SUSPICIOUS_MOVE = YES;
				CLANG_WARN_UNGUARDED_AVAILABILITY = YES_AGGRESSIVE;
				CLANG_WARN_UNREACHABLE_CODE = YES;
				CLANG_WARN__DUPLICATE_METHOD_MATCH = YES;
				COPY_PHASE_STRIP = NO;
				DEBUG_INFORMATION_FORMAT = dwarf;
				ENABLE_STRICT_OBJC_MSGSEND = YES;
				ENABLE_TESTABILITY = YES;
				GCC_C_LANGUAGE_STANDARD = gnu11;
				GCC_DYNAMIC_NO_PIC = NO;
				GCC_NO_COMMON_BLOCKS = YES;
				GCC_OPTIMIZATION_LEVEL = 0;
				GCC_PREPROCESSOR_DEFINITIONS = (
					"DEBUG=1",
					"$(inherited)",
				);
				GCC_WARN_64_TO_32_BIT_CONVERSION = YES;
				GCC_WARN_ABOUT_RETURN_TYPE = YES_ERROR;
				GCC_WARN_UNDECLARED_SELECTOR = YES;
				GCC_WARN_UNINITIALIZED_AUTOS = YES_AGGRESSIVE;
				GCC_WARN_UNUSED_FUNCTION = YES;
				GCC_WARN_UNUSED_VARIABLE = YES;
				IPHONEOS_DEPLOYMENT_TARGET = 13.0;
				MTL_ENABLE_DEBUG_INFO = INCLUDE_SOURCE;
				MTL_FAST_MATH = YES;
				ONLY_ACTIVE_ARCH = YES;
				SDKROOT = iphoneos;
				SWIFT_ACTIVE_COMPILATION_CONDITIONS = DEBUG;
				SWIFT_OPTIMIZATION_LEVEL = "-Onone";
			};
			name = Debug;
		};
		22FA1BD5276A46B500E07258 /* Release */ = {
			isa = XCBuildConfiguration;
			buildSettings = {
				ALWAYS_SEARCH_USER_PATHS = NO;
				CLANG_ANALYZER_NONNULL = YES;
				CLANG_ANALYZER_NUMBER_OBJECT_CONVERSION = YES_AGGRESSIVE;
				CLANG_CXX_LANGUAGE_STANDARD = "gnu++17";
				CLANG_CXX_LIBRARY = "libc++";
				CLANG_ENABLE_MODULES = YES;
				CLANG_ENABLE_OBJC_ARC = YES;
				CLANG_ENABLE_OBJC_WEAK = YES;
				CLANG_WARN_BLOCK_CAPTURE_AUTORELEASING = YES;
				CLANG_WARN_BOOL_CONVERSION = YES;
				CLANG_WARN_COMMA = YES;
				CLANG_WARN_CONSTANT_CONVERSION = YES;
				CLANG_WARN_DEPRECATED_OBJC_IMPLEMENTATIONS = YES;
				CLANG_WARN_DIRECT_OBJC_ISA_USAGE = YES_ERROR;
				CLANG_WARN_DOCUMENTATION_COMMENTS = YES;
				CLANG_WARN_EMPTY_BODY = YES;
				CLANG_WARN_ENUM_CONVERSION = YES;
				CLANG_WARN_INFINITE_RECURSION = YES;
				CLANG_WARN_INT_CONVERSION = YES;
				CLANG_WARN_NON_LITERAL_NULL_CONVERSION = YES;
				CLANG_WARN_OBJC_IMPLICIT_RETAIN_SELF = YES;
				CLANG_WARN_OBJC_LITERAL_CONVERSION = YES;
				CLANG_WARN_OBJC_ROOT_CLASS = YES_ERROR;
				CLANG_WARN_QUOTED_INCLUDE_IN_FRAMEWORK_HEADER = YES;
				CLANG_WARN_RANGE_LOOP_ANALYSIS = YES;
				CLANG_WARN_STRICT_PROTOTYPES = YES;
				CLANG_WARN_SUSPICIOUS_MOVE = YES;
				CLANG_WARN_UNGUARDED_AVAILABILITY = YES_AGGRESSIVE;
				CLANG_WARN_UNREACHABLE_CODE = YES;
				CLANG_WARN__DUPLICATE_METHOD_MATCH = YES;
				COPY_PHASE_STRIP = NO;
				DEBUG_INFORMATION_FORMAT = "dwarf-with-dsym";
				ENABLE_NS_ASSERTIONS = NO;
				ENABLE_STRICT_OBJC_MSGSEND = YES;
				GCC_C_LANGUAGE_STANDARD = gnu11;
				GCC_NO_COMMON_BLOCKS = YES;
				GCC_WARN_64_TO_32_BIT_CONVERSION = YES;
				GCC_WARN_ABOUT_RETURN_TYPE = YES_ERROR;
				GCC_WARN_UNDECLARED_SELECTOR = YES;
				GCC_WARN_UNINITIALIZED_AUTOS = YES_AGGRESSIVE;
				GCC_WARN_UNUSED_FUNCTION = YES;
				GCC_WARN_UNUSED_VARIABLE = YES;
				IPHONEOS_DEPLOYMENT_TARGET = 13.0;
				MTL_ENABLE_DEBUG_INFO = NO;
				MTL_FAST_MATH = YES;
				SDKROOT = iphoneos;
				SWIFT_COMPILATION_MODE = wholemodule;
				SWIFT_OPTIMIZATION_LEVEL = "-O";
				VALIDATE_PRODUCT = YES;
			};
			name = Release;
		};
		22FA1BD7276A46B500E07258 /* Debug */ = {
			isa = XCBuildConfiguration;
			baseConfigurationReference = CA9293BC735D9B37E5E21659 /* Pods-DoreCartoonDemo.debug.xcconfig */;
			buildSettings = {
				ASSETCATALOG_COMPILER_APPICON_NAME = AppIcon;
				ASSETCATALOG_COMPILER_GLOBAL_ACCENT_COLOR_NAME = AccentColor;
				CODE_SIGN_STYLE = Automatic;
				CURRENT_PROJECT_VERSION = 1;
				DEVELOPMENT_TEAM = DC3Y7G9T2N;
				GENERATE_INFOPLIST_FILE = YES;
				INFOPLIST_FILE = DoreCartoonDemo/Info.plist;
				INFOPLIST_KEY_CFBundleDisplayName = DoreCartoonDemo;
				INFOPLIST_KEY_NSCameraUsageDescription = "Required Camera ";
				INFOPLIST_KEY_UIApplicationSupportsIndirectInputEvents = YES;
				INFOPLIST_KEY_UILaunchStoryboardName = LaunchScreen;
				INFOPLIST_KEY_UIMainStoryboardFile = Main;
				INFOPLIST_KEY_UIRequiredDeviceCapabilities = armv7;
				INFOPLIST_KEY_UISupportedInterfaceOrientations = "UIInterfaceOrientationPortrait UIInterfaceOrientationLandscapeLeft UIInterfaceOrientationLandscapeRight";
				INFOPLIST_KEY_UISupportedInterfaceOrientations_iPad = "UIInterfaceOrientationPortrait UIInterfaceOrientationPortraitUpsideDown UIInterfaceOrientationLandscapeLeft UIInterfaceOrientationLandscapeRight";
				INFOPLIST_KEY_UISupportedInterfaceOrientations_iPhone = "UIInterfaceOrientationPortrait UIInterfaceOrientationLandscapeLeft UIInterfaceOrientationLandscapeRight";
				LD_RUNPATH_SEARCH_PATHS = (
					"$(inherited)",
					"@executable_path/Frameworks",
				);
				MARKETING_VERSION = 1.0;
				PRODUCT_BUNDLE_IDENTIFIER = com.dore.cartoondemo;
				PRODUCT_NAME = "$(TARGET_NAME)";
				SWIFT_EMIT_LOC_STRINGS = YES;
				SWIFT_VERSION = 5.0;
				TARGETED_DEVICE_FAMILY = "1,2";
			};
			name = Debug;
		};
		22FA1BD8276A46B500E07258 /* Release */ = {
			isa = XCBuildConfiguration;
			baseConfigurationReference = C9991A998EFAFEF4651EBBA0 /* Pods-DoreCartoonDemo.release.xcconfig */;
			buildSettings = {
				ASSETCATALOG_COMPILER_APPICON_NAME = AppIcon;
				ASSETCATALOG_COMPILER_GLOBAL_ACCENT_COLOR_NAME = AccentColor;
				CODE_SIGN_STYLE = Automatic;
				CURRENT_PROJECT_VERSION = 1;
				DEVELOPMENT_TEAM = DC3Y7G9T2N;
				GENERATE_INFOPLIST_FILE = YES;
				INFOPLIST_FILE = DoreCartoonDemo/Info.plist;
				INFOPLIST_KEY_CFBundleDisplayName = DoreCartoonDemo;
				INFOPLIST_KEY_NSCameraUsageDescription = "Required Camera ";
				INFOPLIST_KEY_UIApplicationSupportsIndirectInputEvents = YES;
				INFOPLIST_KEY_UILaunchStoryboardName = LaunchScreen;
				INFOPLIST_KEY_UIMainStoryboardFile = Main;
				INFOPLIST_KEY_UIRequiredDeviceCapabilities = armv7;
				INFOPLIST_KEY_UISupportedInterfaceOrientations = "UIInterfaceOrientationPortrait UIInterfaceOrientationLandscapeLeft UIInterfaceOrientationLandscapeRight";
				INFOPLIST_KEY_UISupportedInterfaceOrientations_iPad = "UIInterfaceOrientationPortrait UIInterfaceOrientationPortraitUpsideDown UIInterfaceOrientationLandscapeLeft UIInterfaceOrientationLandscapeRight";
				INFOPLIST_KEY_UISupportedInterfaceOrientations_iPhone = "UIInterfaceOrientationPortrait UIInterfaceOrientationLandscapeLeft UIInterfaceOrientationLandscapeRight";
				LD_RUNPATH_SEARCH_PATHS = (
					"$(inherited)",
					"@executable_path/Frameworks",
				);
				MARKETING_VERSION = 1.0;
				PRODUCT_BUNDLE_IDENTIFIER = com.dore.cartoondemo;
				PRODUCT_NAME = "$(TARGET_NAME)";
				SWIFT_EMIT_LOC_STRINGS = YES;
				SWIFT_VERSION = 5.0;
				TARGETED_DEVICE_FAMILY = "1,2";
			};
			name = Release;
		};
/* End XCBuildConfiguration section */

/* Begin XCConfigurationList section */
		22FA1BBD276A46B300E07258 /* Build configuration list for PBXProject "DoreCartoonDemo" */ = {
			isa = XCConfigurationList;
			buildConfigurations = (
				22FA1BD4276A46B500E07258 /* Debug */,
				22FA1BD5276A46B500E07258 /* Release */,
			);
			defaultConfigurationIsVisible = 0;
			defaultConfigurationName = Release;
		};
		22FA1BD6276A46B500E07258 /* Build configuration list for PBXNativeTarget "DoreCartoonDemo" */ = {
			isa = XCConfigurationList;
			buildConfigurations = (
				22FA1BD7276A46B500E07258 /* Debug */,
				22FA1BD8276A46B500E07258 /* Release */,
			);
			defaultConfigurationIsVisible = 0;
			defaultConfigurationName = Release;
		};
/* End XCConfigurationList section */
	};
	rootObject = 22FA1BBA276A46B300E07258 /* Project object */;
}
