// !$*UTF8*$!
{
	archiveVersion = 1;
	classes = {
	};
	objectVersion = 51;
	objects = {

/* Begin PBXBuildFile section */
		22A40E6223CC70C500800FCB /* AppDelegate.swift in Sources */ = {isa = PBXBuildFile; fileRef = 22A40E6123CC70C500800FCB /* AppDelegate.swift */; };
		22A40E6B23CC70C800800FCB /* Assets.xcassets in Resources */ = {isa = PBXBuildFile; fileRef = 22A40E6A23CC70C800800FCB /* Assets.xcassets */; };
		22A40E6E23CC70C800800FCB /* LaunchScreen.storyboard in Resources */ = {isa = PBXBuildFile; fileRef = 22A40E6C23CC70C800800FCB /* LaunchScreen.storyboard */; };
		22A40E7A23CC724200800FCB /* HairColor.swift in Sources */ = {isa = PBXBuildFile; fileRef = 22A40E7523CC724200800FCB /* HairColor.swift */; };
		22A40E7B23CC724200800FCB /* HomePage.swift in Sources */ = {isa = PBXBuildFile; fileRef = 22A40E7623CC724200800FCB /* HomePage.swift */; };
		22A40E7C23CC724200800FCB /* Main.storyboard in Resources */ = {isa = PBXBuildFile; fileRef = 22A40E7723CC724200800FCB /* Main.storyboard */; };
		22A40E7D23CC724200800FCB /* MaskView.swift in Sources */ = {isa = PBXBuildFile; fileRef = 22A40E7823CC724200800FCB /* MaskView.swift */; };
		22A40E7E23CC724200800FCB /* ImageSegment.swift in Sources */ = {isa = PBXBuildFile; fileRef = 22A40E7923CC724200800FCB /* ImageSegment.swift */; };
		22A40E8223CC725600800FCB /* logo_white.png in Resources */ = {isa = PBXBuildFile; fileRef = 22A40E8023CC725600800FCB /* logo_white.png */; };
		22A40E8323CC725600800FCB /* sample.jpg in Resources */ = {isa = PBXBuildFile; fileRef = 22A40E8123CC725600800FCB /* sample.jpg */; };
		B041CA27D5D157D3893B8429 /* Pods_DoreHairSegmentLiteDemo.framework in Frameworks */ = {isa = PBXBuildFile; fileRef = 2FDED7B10738AD10A2DA28C7 /* Pods_DoreHairSegmentLiteDemo.framework */; };
/* End PBXBuildFile section */

/* Begin PBXFileReference section */
		226BBE852549D0760059666C /* DoreCoreAI.xcframework */ = {isa = PBXFileReference; lastKnownFileType = wrapper.xcframework; name = DoreCoreAI.xcframework; path = Pods/DoreCoreAI/Frameworks/DoreCoreAI.xcframework; sourceTree = "<group>"; };
		226BBE862549D0760059666C /* DoreHairSegmentLite.xcframework */ = {isa = PBXFileReference; lastKnownFileType = wrapper.xcframework; name = DoreHairSegmentLite.xcframework; path = Pods/DoreHairSegmentLite/Frameworks/DoreHairSegmentLite.xcframework; sourceTree = "<group>"; };
		22A40E5E23CC70C500800FCB /* DoreHairSegmentLiteDemo.app */ = {isa = PBXFileReference; explicitFileType = wrapper.application; includeInIndex = 0; path = DoreHairSegmentLiteDemo.app; sourceTree = BUILT_PRODUCTS_DIR; };
		22A40E6123CC70C500800FCB /* AppDelegate.swift */ = {isa = PBXFileReference; lastKnownFileType = sourcecode.swift; path = AppDelegate.swift; sourceTree = "<group>"; };
		22A40E6A23CC70C800800FCB /* Assets.xcassets */ = {isa = PBXFileReference; lastKnownFileType = folder.assetcatalog; path = Assets.xcassets; sourceTree = "<group>"; };
		22A40E6D23CC70C800800FCB /* Base */ = {isa = PBXFileReference; lastKnownFileType = file.storyboard; name = Base; path = Base.lproj/LaunchScreen.storyboard; sourceTree = "<group>"; };
		22A40E6F23CC70C800800FCB /* Info.plist */ = {isa = PBXFileReference; lastKnownFileType = text.plist.xml; path = Info.plist; sourceTree = "<group>"; };
		22A40E7523CC724200800FCB /* HairColor.swift */ = {isa = PBXFileReference; fileEncoding = 4; lastKnownFileType = sourcecode.swift; path = HairColor.swift; sourceTree = "<group>"; };
		22A40E7623CC724200800FCB /* HomePage.swift */ = {isa = PBXFileReference; fileEncoding = 4; lastKnownFileType = sourcecode.swift; path = HomePage.swift; sourceTree = "<group>"; };
		22A40E7723CC724200800FCB /* Main.storyboard */ = {isa = PBXFileReference; fileEncoding = 4; lastKnownFileType = file.storyboard; path = Main.storyboard; sourceTree = "<group>"; };
		22A40E7823CC724200800FCB /* MaskView.swift */ = {isa = PBXFileReference; fileEncoding = 4; lastKnownFileType = sourcecode.swift; path = MaskView.swift; sourceTree = "<group>"; };
		22A40E7923CC724200800FCB /* ImageSegment.swift */ = {isa = PBXFileReference; fileEncoding = 4; lastKnownFileType = sourcecode.swift; path = ImageSegment.swift; sourceTree = "<group>"; };
		22A40E8023CC725600800FCB /* logo_white.png */ = {isa = PBXFileReference; lastKnownFileType = image.png; path = logo_white.png; sourceTree = "<group>"; };
		22A40E8123CC725600800FCB /* sample.jpg */ = {isa = PBXFileReference; lastKnownFileType = image.jpeg; path = sample.jpg; sourceTree = "<group>"; };
		2FDED7B10738AD10A2DA28C7 /* Pods_DoreHairSegmentLiteDemo.framework */ = {isa = PBXFileReference; explicitFileType = wrapper.framework; includeInIndex = 0; path = Pods_DoreHairSegmentLiteDemo.framework; sourceTree = BUILT_PRODUCTS_DIR; };
		677F776A4304C24F518C93E8 /* Pods-DoreHairSegmentLiteDemo.release.xcconfig */ = {isa = PBXFileReference; includeInIndex = 1; lastKnownFileType = text.xcconfig; name = "Pods-DoreHairSegmentLiteDemo.release.xcconfig"; path = "Target Support Files/Pods-DoreHairSegmentLiteDemo/Pods-DoreHairSegmentLiteDemo.release.xcconfig"; sourceTree = "<group>"; };
		D84C45AD87D50A2C30268550 /* Pods-DoreHairSegmentLiteDemo.debug.xcconfig */ = {isa = PBXFileReference; includeInIndex = 1; lastKnownFileType = text.xcconfig; name = "Pods-DoreHairSegmentLiteDemo.debug.xcconfig"; path = "Target Support Files/Pods-DoreHairSegmentLiteDemo/Pods-DoreHairSegmentLiteDemo.debug.xcconfig"; sourceTree = "<group>"; };
/* End PBXFileReference section */

/* Begin PBXFrameworksBuildPhase section */
		22A40E5B23CC70C500800FCB /* Frameworks */ = {
			isa = PBXFrameworksBuildPhase;
			buildActionMask = 2147483647;
			files = (
				B041CA27D5D157D3893B8429 /* Pods_DoreHairSegmentLiteDemo.framework in Frameworks */,
			);
			runOnlyForDeploymentPostprocessing = 0;
		};
/* End PBXFrameworksBuildPhase section */

/* Begin PBXGroup section */
		1F0CFBADB320A744BF84510B /* Frameworks */ = {
			isa = PBXGroup;
			children = (
				226BBE852549D0760059666C /* DoreCoreAI.xcframework */,
				226BBE862549D0760059666C /* DoreHairSegmentLite.xcframework */,
				2FDED7B10738AD10A2DA28C7 /* Pods_DoreHairSegmentLiteDemo.framework */,
			);
			name = Frameworks;
			sourceTree = "<group>";
		};
		22A40E5523CC70C500800FCB = {
			isa = PBXGroup;
			children = (
				22A40E6023CC70C500800FCB /* DoreHairSegmentLiteDemo */,
				22A40E5F23CC70C500800FCB /* Products */,
				1F0CFBADB320A744BF84510B /* Frameworks */,
				548B63170EA366B8E6753111 /* Pods */,
			);
			sourceTree = "<group>";
		};
		22A40E5F23CC70C500800FCB /* Products */ = {
			isa = PBXGroup;
			children = (
				22A40E5E23CC70C500800FCB /* DoreHairSegmentLiteDemo.app */,
			);
			name = Products;
			sourceTree = "<group>";
		};
		22A40E6023CC70C500800FCB /* DoreHairSegmentLiteDemo */ = {
			isa = PBXGroup;
			children = (
				22A40E7F23CC725600800FCB /* assets */,
				22A40E6123CC70C500800FCB /* AppDelegate.swift */,
				22A40E7523CC724200800FCB /* HairColor.swift */,
				22A40E7623CC724200800FCB /* HomePage.swift */,
				22A40E7923CC724200800FCB /* ImageSegment.swift */,
				22A40E7723CC724200800FCB /* Main.storyboard */,
				22A40E7823CC724200800FCB /* MaskView.swift */,
				22A40E6A23CC70C800800FCB /* Assets.xcassets */,
				22A40E6C23CC70C800800FCB /* LaunchScreen.storyboard */,
				22A40E6F23CC70C800800FCB /* Info.plist */,
			);
			path = DoreHairSegmentLiteDemo;
			sourceTree = "<group>";
		};
		22A40E7F23CC725600800FCB /* assets */ = {
			isa = PBXGroup;
			children = (
				22A40E8023CC725600800FCB /* logo_white.png */,
				22A40E8123CC725600800FCB /* sample.jpg */,
			);
			path = assets;
			sourceTree = "<group>";
		};
		548B63170EA366B8E6753111 /* Pods */ = {
			isa = PBXGroup;
			children = (
				D84C45AD87D50A2C30268550 /* Pods-DoreHairSegmentLiteDemo.debug.xcconfig */,
				677F776A4304C24F518C93E8 /* Pods-DoreHairSegmentLiteDemo.release.xcconfig */,
			);
			path = Pods;
			sourceTree = "<group>";
		};
/* End PBXGroup section */

/* Begin PBXNativeTarget section */
		22A40E5D23CC70C500800FCB /* DoreHairSegmentLiteDemo */ = {
			isa = PBXNativeTarget;
			buildConfigurationList = 22A40E7223CC70C800800FCB /* Build configuration list for PBXNativeTarget "DoreHairSegmentLiteDemo" */;
			buildPhases = (
				DAE53C129A029AD0F664F2AB /* [CP] Check Pods Manifest.lock */,
				22A40E5A23CC70C500800FCB /* Sources */,
				22A40E5B23CC70C500800FCB /* Frameworks */,
				22A40E5C23CC70C500800FCB /* Resources */,
				5F27254CD942524C563BFA53 /* [CP] Embed Pods Frameworks */,
			);
			buildRules = (
			);
			dependencies = (
			);
			name = DoreHairSegmentLiteDemo;
			productName = DoreHairSegmentLiteDemo;
			productReference = 22A40E5E23CC70C500800FCB /* DoreHairSegmentLiteDemo.app */;
			productType = "com.apple.product-type.application";
		};
/* End PBXNativeTarget section */

/* Begin PBXProject section */
		22A40E5623CC70C500800FCB /* Project object */ = {
			isa = PBXProject;
			attributes = {
				LastSwiftUpdateCheck = 1130;
				LastUpgradeCheck = 1130;
				ORGANIZATIONNAME = dore;
				TargetAttributes = {
					22A40E5D23CC70C500800FCB = {
						CreatedOnToolsVersion = 11.3;
					};
				};
			};
			buildConfigurationList = 22A40E5923CC70C500800FCB /* Build configuration list for PBXProject "DoreHairSegmentLiteDemo" */;
			compatibilityVersion = "Xcode 9.3";
			developmentRegion = en;
			hasScannedForEncodings = 0;
			knownRegions = (
				en,
				Base,
			);
			mainGroup = 22A40E5523CC70C500800FCB;
			productRefGroup = 22A40E5F23CC70C500800FCB /* Products */;
			projectDirPath = "";
			projectRoot = "";
			targets = (
				22A40E5D23CC70C500800FCB /* DoreHairSegmentLiteDemo */,
			);
		};
/* End PBXProject section */

/* Begin PBXResourcesBuildPhase section */
		22A40E5C23CC70C500800FCB /* Resources */ = {
			isa = PBXResourcesBuildPhase;
			buildActionMask = 2147483647;
			files = (
				22A40E7C23CC724200800FCB /* Main.storyboard in Resources */,
				22A40E6E23CC70C800800FCB /* LaunchScreen.storyboard in Resources */,
				22A40E8223CC725600800FCB /* logo_white.png in Resources */,
				22A40E6B23CC70C800800FCB /* Assets.xcassets in Resources */,
				22A40E8323CC725600800FCB /* sample.jpg in Resources */,
			);
			runOnlyForDeploymentPostprocessing = 0;
		};
/* End PBXResourcesBuildPhase section */

/* Begin PBXShellScriptBuildPhase section */
		5F27254CD942524C563BFA53 /* [CP] Embed Pods Frameworks */ = {
			isa = PBXShellScriptBuildPhase;
			buildActionMask = 2147483647;
			files = (
			);
			inputFileListPaths = (
				"${PODS_ROOT}/Target Support Files/Pods-DoreHairSegmentLiteDemo/Pods-DoreHairSegmentLiteDemo-frameworks-${CONFIGURATION}-input-files.xcfilelist",
			);
			name = "[CP] Embed Pods Frameworks";
			outputFileListPaths = (
				"${PODS_ROOT}/Target Support Files/Pods-DoreHairSegmentLiteDemo/Pods-DoreHairSegmentLiteDemo-frameworks-${CONFIGURATION}-output-files.xcfilelist",
			);
			runOnlyForDeploymentPostprocessing = 0;
			shellPath = /bin/sh;
			shellScript = "\"${PODS_ROOT}/Target Support Files/Pods-DoreHairSegmentLiteDemo/Pods-DoreHairSegmentLiteDemo-frameworks.sh\"\n";
			showEnvVarsInLog = 0;
		};
		DAE53C129A029AD0F664F2AB /* [CP] Check Pods Manifest.lock */ = {
			isa = PBXShellScriptBuildPhase;
			buildActionMask = 2147483647;
			files = (
			);
			inputFileListPaths = (
			);
			inputPaths = (
				"${PODS_PODFILE_DIR_PATH}/Podfile.lock",
				"${PODS_ROOT}/Manifest.lock",
			);
			name = "[CP] Check Pods Manifest.lock";
			outputFileListPaths = (
			);
			outputPaths = (
				"$(DERIVED_FILE_DIR)/Pods-DoreHairSegmentLiteDemo-checkManifestLockResult.txt",
			);
			runOnlyForDeploymentPostprocessing = 0;
			shellPath = /bin/sh;
			shellScript = "diff \"${PODS_PODFILE_DIR_PATH}/Podfile.lock\" \"${PODS_ROOT}/Manifest.lock\" > /dev/null\nif [ $? != 0 ] ; then\n    # print error to STDERR\n    echo \"error: The sandbox is not in sync with the Podfile.lock. Run 'pod install' or update your CocoaPods installation.\" >&2\n    exit 1\nfi\n# This output is used by Xcode 'outputs' to avoid re-running this script phase.\necho \"SUCCESS\" > \"${SCRIPT_OUTPUT_FILE_0}\"\n";
			showEnvVarsInLog = 0;
		};
/* End PBXShellScriptBuildPhase section */

/* Begin PBXSourcesBuildPhase section */
		22A40E5A23CC70C500800FCB /* Sources */ = {
			isa = PBXSourcesBuildPhase;
			buildActionMask = 2147483647;
			files = (
				22A40E7D23CC724200800FCB /* MaskView.swift in Sources */,
				22A40E7E23CC724200800FCB /* ImageSegment.swift in Sources */,
				22A40E6223CC70C500800FCB /* AppDelegate.swift in Sources */,
				22A40E7B23CC724200800FCB /* HomePage.swift in Sources */,
				22A40E7A23CC724200800FCB /* HairColor.swift in Sources */,
			);
			runOnlyForDeploymentPostprocessing = 0;
		};
/* End PBXSourcesBuildPhase section */

/* Begin PBXVariantGroup section */
		22A40E6C23CC70C800800FCB /* LaunchScreen.storyboard */ = {
			isa = PBXVariantGroup;
			children = (
				22A40E6D23CC70C800800FCB /* Base */,
			);
			name = LaunchScreen.storyboard;
			sourceTree = "<group>";
		};
/* End PBXVariantGroup section */

/* Begin XCBuildConfiguration section */
		22A40E7023CC70C800800FCB /* Debug */ = {
			isa = XCBuildConfiguration;
			buildSettings = {
				ALWAYS_SEARCH_USER_PATHS = NO;
				CLANG_ANALYZER_NONNULL = YES;
				CLANG_ANALYZER_NUMBER_OBJECT_CONVERSION = YES_AGGRESSIVE;
				CLANG_CXX_LANGUAGE_STANDARD = "gnu++14";
				CLANG_CXX_LIBRARY = "libc++";
				CLANG_ENABLE_MODULES = YES;
				CLANG_ENABLE_OBJC_ARC = YES;
				CLANG_ENABLE_OBJC_WEAK = YES;
				CLANG_WARN_BLOCK_CAPTURE_AUTORELEASING = YES;
				CLANG_WARN_BOOL_CONVERSION = YES;
				CLANG_WARN_COMMA = YES;
				CLANG_WARN_CONSTANT_CONVERSION = YES;
				CLANG_WARN_DEPRECATED_OBJC_IMPLEMENTATIONS = YES;
				CLANG_WARN_DIRECT_OBJC_ISA_USAGE = YES_ERROR;
				CLANG_WARN_DOCUMENTATION_COMMENTS = YES;
				CLANG_WARN_EMPTY_BODY = YES;
				CLANG_WARN_ENUM_CONVERSION = YES;
				CLANG_WARN_INFINITE_RECURSION = YES;
				CLANG_WARN_INT_CONVERSION = YES;
				CLANG_WARN_NON_LITERAL_NULL_CONVERSION = YES;
				CLANG_WARN_OBJC_IMPLICIT_RETAIN_SELF = YES;
				CLANG_WARN_OBJC_LITERAL_CONVERSION = YES;
				CLANG_WARN_OBJC_ROOT_CLASS = YES_ERROR;
				CLANG_WARN_RANGE_LOOP_ANALYSIS = YES;
				CLANG_WARN_STRICT_PROTOTYPES = YES;
				CLANG_WARN_SUSPICIOUS_MOVE = YES;
				CLANG_WARN_UNGUARDED_AVAILABILITY = YES_AGGRESSIVE;
				CLANG_WARN_UNREACHABLE_CODE = YES;
				CLANG_WARN__DUPLICATE_METHOD_MATCH = YES;
				COPY_PHASE_STRIP = NO;
				DEBUG_INFORMATION_FORMAT = dwarf;
				ENABLE_STRICT_OBJC_MSGSEND = YES;
				ENABLE_TESTABILITY = YES;
				GCC_C_LANGUAGE_STANDARD = gnu11;
				GCC_DYNAMIC_NO_PIC = NO;
				GCC_NO_COMMON_BLOCKS = YES;
				GCC_OPTIMIZATION_LEVEL = 0;
				GCC_PREPROCESSOR_DEFINITIONS = (
					"DEBUG=1",
					"$(inherited)",
				);
				GCC_WARN_64_TO_32_BIT_CONVERSION = YES;
				GCC_WARN_ABOUT_RETURN_TYPE = YES_ERROR;
				GCC_WARN_UNDECLARED_SELECTOR = YES;
				GCC_WARN_UNINITIALIZED_AUTOS = YES_AGGRESSIVE;
				GCC_WARN_UNUSED_FUNCTION = YES;
				GCC_WARN_UNUSED_VARIABLE = YES;
				IPHONEOS_DEPLOYMENT_TARGET = 13.2;
				MTL_ENABLE_DEBUG_INFO = INCLUDE_SOURCE;
				MTL_FAST_MATH = YES;
				ONLY_ACTIVE_ARCH = YES;
				SDKROOT = iphoneos;
				SWIFT_ACTIVE_COMPILATION_CONDITIONS = DEBUG;
				SWIFT_OPTIMIZATION_LEVEL = "-Onone";
			};
			name = Debug;
		};
		22A40E7123CC70C800800FCB /* Release */ = {
			isa = XCBuildConfiguration;
			buildSettings = {
				ALWAYS_SEARCH_USER_PATHS = NO;
				CLANG_ANALYZER_NONNULL = YES;
				CLANG_ANALYZER_NUMBER_OBJECT_CONVERSION = YES_AGGRESSIVE;
				CLANG_CXX_LANGUAGE_STANDARD = "gnu++14";
				CLANG_CXX_LIBRARY = "libc++";
				CLANG_ENABLE_MODULES = YES;
				CLANG_ENABLE_OBJC_ARC = YES;
				CLANG_ENABLE_OBJC_WEAK = YES;
				CLANG_WARN_BLOCK_CAPTURE_AUTORELEASING = YES;
				CLANG_WARN_BOOL_CONVERSION = YES;
				CLANG_WARN_COMMA = YES;
				CLANG_WARN_CONSTANT_CONVERSION = YES;
				CLANG_WARN_DEPRECATED_OBJC_IMPLEMENTATIONS = YES;
				CLANG_WARN_DIRECT_OBJC_ISA_USAGE = YES_ERROR;
				CLANG_WARN_DOCUMENTATION_COMMENTS = YES;
				CLANG_WARN_EMPTY_BODY = YES;
				CLANG_WARN_ENUM_CONVERSION = YES;
				CLANG_WARN_INFINITE_RECURSION = YES;
				CLANG_WARN_INT_CONVERSION = YES;
				CLANG_WARN_NON_LITERAL_NULL_CONVERSION = YES;
				CLANG_WARN_OBJC_IMPLICIT_RETAIN_SELF = YES;
				CLANG_WARN_OBJC_LITERAL_CONVERSION = YES;
				CLANG_WARN_OBJC_ROOT_CLASS = YES_ERROR;
				CLANG_WARN_RANGE_LOOP_ANALYSIS = YES;
				CLANG_WARN_STRICT_PROTOTYPES = YES;
				CLANG_WARN_SUSPICIOUS_MOVE = YES;
				CLANG_WARN_UNGUARDED_AVAILABILITY = YES_AGGRESSIVE;
				CLANG_WARN_UNREACHABLE_CODE = YES;
				CLANG_WARN__DUPLICATE_METHOD_MATCH = YES;
				COPY_PHASE_STRIP = NO;
				DEBUG_INFORMATION_FORMAT = "dwarf-with-dsym";
				ENABLE_NS_ASSERTIONS = NO;
				ENABLE_STRICT_OBJC_MSGSEND = YES;
				GCC_C_LANGUAGE_STANDARD = gnu11;
				GCC_NO_COMMON_BLOCKS = YES;
				GCC_WARN_64_TO_32_BIT_CONVERSION = YES;
				GCC_WARN_ABOUT_RETURN_TYPE = YES_ERROR;
				GCC_WARN_UNDECLARED_SELECTOR = YES;
				GCC_WARN_UNINITIALIZED_AUTOS = YES_AGGRESSIVE;
				GCC_WARN_UNUSED_FUNCTION = YES;
				GCC_WARN_UNUSED_VARIABLE = YES;
				IPHONEOS_DEPLOYMENT_TARGET = 13.2;
				MTL_ENABLE_DEBUG_INFO = NO;
				MTL_FAST_MATH = YES;
				SDKROOT = iphoneos;
				SWIFT_COMPILATION_MODE = wholemodule;
				SWIFT_OPTIMIZATION_LEVEL = "-O";
				VALIDATE_PRODUCT = YES;
			};
			name = Release;
		};
		22A40E7323CC70C800800FCB /* Debug */ = {
			isa = XCBuildConfiguration;
			baseConfigurationReference = D84C45AD87D50A2C30268550 /* Pods-DoreHairSegmentLiteDemo.debug.xcconfig */;
			buildSettings = {
				ASSETCATALOG_COMPILER_APPICON_NAME = AppIcon;
				CODE_SIGN_STYLE = Automatic;
				DEVELOPMENT_TEAM = DC3Y7G9T2N;
				INFOPLIST_FILE = DoreHairSegmentLiteDemo/Info.plist;
				IPHONEOS_DEPLOYMENT_TARGET = 12.0;
				LD_RUNPATH_SEARCH_PATHS = (
					"$(inherited)",
					"@executable_path/Frameworks",
				);
				PRODUCT_BUNDLE_IDENTIFIER = com.dore.DoreHairSegmentLiteDemo;
				PRODUCT_NAME = "$(TARGET_NAME)";
				SWIFT_VERSION = 5.0;
				TARGETED_DEVICE_FAMILY = "1,2";
			};
			name = Debug;
		};
		22A40E7423CC70C800800FCB /* Release */ = {
			isa = XCBuildConfiguration;
			baseConfigurationReference = 677F776A4304C24F518C93E8 /* Pods-DoreHairSegmentLiteDemo.release.xcconfig */;
			buildSettings = {
				ASSETCATALOG_COMPILER_APPICON_NAME = AppIcon;
				CODE_SIGN_STYLE = Automatic;
				DEVELOPMENT_TEAM = DC3Y7G9T2N;
				INFOPLIST_FILE = DoreHairSegmentLiteDemo/Info.plist;
				IPHONEOS_DEPLOYMENT_TARGET = 12.0;
				LD_RUNPATH_SEARCH_PATHS = (
					"$(inherited)",
					"@executable_path/Frameworks",
				);
				PRODUCT_BUNDLE_IDENTIFIER = com.dore.DoreHairSegmentLiteDemo;
				PRODUCT_NAME = "$(TARGET_NAME)";
				SWIFT_VERSION = 5.0;
				TARGETED_DEVICE_FAMILY = "1,2";
			};
			name = Release;
		};
/* End XCBuildConfiguration section */

/* Begin XCConfigurationList section */
		22A40E5923CC70C500800FCB /* Build configuration list for PBXProject "DoreHairSegmentLiteDemo" */ = {
			isa = XCConfigurationList;
			buildConfigurations = (
				22A40E7023CC70C800800FCB /* Debug */,
				22A40E7123CC70C800800FCB /* Release */,
			);
			defaultConfigurationIsVisible = 0;
			defaultConfigurationName = Release;
		};
		22A40E7223CC70C800800FCB /* Build configuration list for PBXNativeTarget "DoreHairSegmentLiteDemo" */ = {
			isa = XCConfigurationList;
			buildConfigurations = (
				22A40E7323CC70C800800FCB /* Debug */,
				22A40E7423CC70C800800FCB /* Release */,
			);
			defaultConfigurationIsVisible = 0;
			defaultConfigurationName = Release;
		};
/* End XCConfigurationList section */
	};
	rootObject = 22A40E5623CC70C500800FCB /* Project object */;
}
